
Microsoft Visual Studio Solution File, Format Version 12.00
# Visual Studio 14
VisualStudioVersion = 14.0.25420.1
MinimumVisualStudioVersion = 10.0.40219.1
Project("{FAE04EC0-301F-11D3-BF4B-00C04F79EFBC}") = "i2C_Sample", "i2C_Sample\i2C_Sample.csproj", "{3DB0374D-FB7D-4EB7-990A-2BA559A7E1FF}"
EndProject
Project("{FAE04EC0-301F-11D3-BF4B-00C04F79EFBC}") = "UARTLogger", "UARTLogger\UARTLogger.csproj", "{C313FACE-83B3-4690-B3F4-C4E8254CEC3D}"
EndProject
Project("{FAE04EC0-301F-11D3-BF4B-00C04F79EFBC}") = "RTC", "RTC\RTC.csproj", "{0FB0A4B0-9A76-4D18-9319-E0911071B1C0}"
EndProject
Project("{FAE04EC0-301F-11D3-BF4B-00C04F79EFBC}") = "I2CTestHarness", "I2CTestHarness\I2CTestHarness.csproj", "{3708E183-3E15-4D20-8726-46C452B951C7}"
EndProject
Project("{FAE04EC0-301F-11D3-BF4B-00C04F79EFBC}") = "UARTForwarder", "UARTForwarder\UARTForwarder.csproj", "{B620589D-3613-40FB-ACFB-9C825D474D7F}"
EndProject
Global
	GlobalSection(SolutionConfigurationPlatforms) = preSolution
		Debug|Any CPU = Debug|Any CPU
		Release|Any CPU = Release|Any CPU
	EndGlobalSection
	GlobalSection(ProjectConfigurationPlatforms) = postSolution
		{3DB0374D-FB7D-4EB7-990A-2BA559A7E1FF}.Debug|Any CPU.ActiveCfg = Debug|Any CPU
		{3DB0374D-FB7D-4EB7-990A-2BA559A7E1FF}.Debug|Any CPU.Build.0 = Debug|Any CPU
		{3DB0374D-FB7D-4EB7-990A-2BA559A7E1FF}.Release|Any CPU.ActiveCfg = Release|Any CPU
		{3DB0374D-FB7D-4EB7-990A-2BA559A7E1FF}.Release|Any CPU.Build.0 = Release|Any CPU
		{C313FACE-83B3-4690-B3F4-C4E8254CEC3D}.Debug|Any CPU.ActiveCfg = Debug|Any CPU
		{C313FACE-83B3-4690-B3F4-C4E8254CEC3D}.Debug|Any CPU.Build.0 = Debug|Any CPU
		{C313FACE-83B3-4690-B3F4-C4E8254CEC3D}.Release|Any CPU.ActiveCfg = Release|Any CPU
		{C313FACE-83B3-4690-B3F4-C4E8254CEC3D}.Release|Any CPU.Build.0 = Release|Any CPU
		{0FB0A4B0-9A76-4D18-9319-E0911071B1C0}.Debug|Any CPU.ActiveCfg = Debug|Any CPU
		{0FB0A4B0-9A76-4D18-9319-E0911071B1C0}.Debug|Any CPU.Build.0 = Debug|Any CPU
		{0FB0A4B0-9A76-4D18-9319-E0911071B1C0}.Release|Any CPU.ActiveCfg = Release|Any CPU
		{0FB0A4B0-9A76-4D18-9319-E0911071B1C0}.Release|Any CPU.Build.0 = Release|Any CPU
		{3708E183-3E15-4D20-8726-46C452B951C7}.Debug|Any CPU.ActiveCfg = Debug|Any CPU
		{3708E183-3E15-4D20-8726-46C452B951C7}.Debug|Any CPU.Build.0 = Debug|Any CPU
		{3708E183-3E15-4D20-8726-46C452B951C7}.Release|Any CPU.ActiveCfg = Release|Any CPU
		{3708E183-3E15-4D20-8726-46C452B951C7}.Release|Any CPU.Build.0 = Release|Any CPU
		{B620589D-3613-40FB-ACFB-9C825D474D7F}.Debug|Any CPU.ActiveCfg = Debug|Any CPU
		{B620589D-3613-40FB-ACFB-9C825D474D7F}.Debug|Any CPU.Build.0 = Debug|Any CPU
		{B620589D-3613-40FB-ACFB-9C825D474D7F}.Release|Any CPU.ActiveCfg = Release|Any CPU
		{B620589D-3613-40FB-ACFB-9C825D474D7F}.Release|Any CPU.Build.0 = Release|Any CPU
	EndGlobalSection
	GlobalSection(SolutionProperties) = preSolution
		HideSolutionNode = FALSE
	EndGlobalSection
EndGlobal
